{
  "name": "nightmarenet",
  "version": "1.0.0",
  "lockfileVersion": 3,
  "requires": true,
  "packages": {
    "": {
      "name": "nightmarenet",
      "version": "1.0.0",
      "license": "ISC",
      "dependencies": {
        "@21st-sdk/agent": "^0.0.14",
        "zod": "^4.3.6"
      }
    },
    "node_modules/@21st-sdk/agent": {
      "version": "0.0.14",
      "resolved": "https://registry.npmjs.org/@21st-sdk/agent/-/agent-0.0.14.tgz",
      "integrity": "sha512-jIyXWSFHm81YNXWj/xNKOGKa8RuFpZVBNdogWiy9Eoz7a3PGfeCnhE7iVz9T3k1zw7Xc0yrWZDmjRSoWhcv5Fw==",
      "license": "MIT",
      "dependencies": {
        "@21st-sdk/node": "^0.0.8"
      },
      "peerDependencies": {
        "zod": ">=3.24"
      }
    },
    "node_modules/@21st-sdk/node": {
      "version": "0.0.8",
      "resolved": "https://registry.npmjs.org/@21st-sdk/node/-/node-0.0.8.tgz",
      "integrity": "sha512-cTjDn77Md9Zn5DXdhUSSQ/soHQYBam1c1SpKetpoJiytXfxp0b9UVF9uPHtzFuj0fRpTtu2IBOymRfBVFm2leQ==",
      "license": "MIT"
    },
    "node_modules/zod": {
      "version": "4.3.6",
      "resolved": "https://registry.npmjs.org/zod/-/zod-4.3.6.tgz",
      "integrity": "sha512-rftlrkhHZOcjDwkGlnUtZZkvaPHCsDATp4pGpuOOMDaTdDDXF91wuVDJoWoPsKX/3YPQ5fHuF3STjcYyKr+Qhg==",
      "license": "MIT",
      "funding": {
        "url": "https://github.com/sponsors/colinhacks"
      }
    }
  }
}
